# THIS IS AN AUTOGENERATED FILE. DO NOT EDIT THIS FILE DIRECTLY.
# yarn lockfile v1


"@esbuild/android-arm64@0.19.2":
  version "0.19.2"
  resolved "https://registry.yarnpkg.com/@esbuild/android-arm64/-/android-arm64-0.19.2.tgz#bc35990f412a749e948b792825eef7df0ce0e073"
  integrity sha512-lsB65vAbe90I/Qe10OjkmrdxSX4UJDjosDgb8sZUKcg3oefEuW2OT2Vozz8ef7wrJbMcmhvCC+hciF8jY/uAkw==

"@esbuild/android-arm@0.19.2":
  version "0.19.2"
  resolved "https://registry.yarnpkg.com/@esbuild/android-arm/-/android-arm-0.19.2.tgz#edd1c8f23ba353c197f5b0337123c58ff2a56999"
  integrity sha512-tM8yLeYVe7pRyAu9VMi/Q7aunpLwD139EY1S99xbQkT4/q2qa6eA4ige/WJQYdJ8GBL1K33pPFhPfPdJ/WzT8Q==

"@esbuild/android-x64@0.19.2":
  version "0.19.2"
  resolved "https://registry.yarnpkg.com/@esbuild/android-x64/-/android-x64-0.19.2.tgz#2dcdd6e6f1f2d82ea1b746abd8da5b284960f35a"
  integrity sha512-qK/TpmHt2M/Hg82WXHRc/W/2SGo/l1thtDHZWqFq7oi24AjZ4O/CpPSu6ZuYKFkEgmZlFoa7CooAyYmuvnaG8w==

"@esbuild/darwin-arm64@0.19.2":
  version "0.19.2"
  resolved "https://registry.yarnpkg.com/@esbuild/darwin-arm64/-/darwin-arm64-0.19.2.tgz#55b36bc06d76f5c243987c1f93a11a80d8fc3b26"
  integrity sha512-Ora8JokrvrzEPEpZO18ZYXkH4asCdc1DLdcVy8TGf5eWtPO1Ie4WroEJzwI52ZGtpODy3+m0a2yEX9l+KUn0tA==

"@esbuild/darwin-x64@0.19.2":
  version "0.19.2"
  resolved "https://registry.yarnpkg.com/@esbuild/darwin-x64/-/darwin-x64-0.19.2.tgz#982524af33a6424a3b5cb44bbd52559623ad719c"
  integrity sha512-tP+B5UuIbbFMj2hQaUr6EALlHOIOmlLM2FK7jeFBobPy2ERdohI4Ka6ZFjZ1ZYsrHE/hZimGuU90jusRE0pwDw==

"@esbuild/freebsd-arm64@0.19.2":
  version "0.19.2"
  resolved "https://registry.yarnpkg.com/@esbuild/freebsd-arm64/-/freebsd-arm64-0.19.2.tgz#8e478a0856645265fe79eac4b31b52193011ee06"
  integrity sha512-YbPY2kc0acfzL1VPVK6EnAlig4f+l8xmq36OZkU0jzBVHcOTyQDhnKQaLzZudNJQyymd9OqQezeaBgkTGdTGeQ==

"@esbuild/freebsd-x64@0.19.2":
  version "0.19.2"
  resolved "https://registry.yarnpkg.com/@esbuild/freebsd-x64/-/freebsd-x64-0.19.2.tgz#01b96604f2540db023c73809bb8ae6cd1692d6f3"
  integrity sha512-nSO5uZT2clM6hosjWHAsS15hLrwCvIWx+b2e3lZ3MwbYSaXwvfO528OF+dLjas1g3bZonciivI8qKR/Hm7IWGw==

"@esbuild/linux-arm64@0.19.2":
  version "0.19.2"
  resolved "https://registry.yarnpkg.com/@esbuild/linux-arm64/-/linux-arm64-0.19.2.tgz#7e5d2c7864c5c83ec789b59c77cd9c20d2594916"
  integrity sha512-ig2P7GeG//zWlU0AggA3pV1h5gdix0MA3wgB+NsnBXViwiGgY77fuN9Wr5uoCrs2YzaYfogXgsWZbm+HGr09xg==

"@esbuild/linux-arm@0.19.2":
  version "0.19.2"
  resolved "https://registry.yarnpkg.com/@esbuild/linux-arm/-/linux-arm-0.19.2.tgz#c32ae97bc0246664a1cfbdb4a98e7b006d7db8ae"
  integrity sha512-Odalh8hICg7SOD7XCj0YLpYCEc+6mkoq63UnExDCiRA2wXEmGlK5JVrW50vZR9Qz4qkvqnHcpH+OFEggO3PgTg==

"@esbuild/linux-ia32@0.19.2":
  version "0.19.2"
  resolved "https://registry.yarnpkg.com/@esbuild/linux-ia32/-/linux-ia32-0.19.2.tgz#3fc4f0fa026057fe885e4a180b3956e704f1ceaa"
  integrity sha512-mLfp0ziRPOLSTek0Gd9T5B8AtzKAkoZE70fneiiyPlSnUKKI4lp+mGEnQXcQEHLJAcIYDPSyBvsUbKUG2ri/XQ==

"@esbuild/linux-loong64@0.19.2":
  version "0.19.2"
  resolved "https://registry.yarnpkg.com/@esbuild/linux-loong64/-/linux-loong64-0.19.2.tgz#633bcaea443f3505fb0ed109ab840c99ad3451a4"
  integrity sha512-hn28+JNDTxxCpnYjdDYVMNTR3SKavyLlCHHkufHV91fkewpIyQchS1d8wSbmXhs1fiYDpNww8KTFlJ1dHsxeSw==

"@esbuild/linux-mips64el@0.19.2":
  version "0.19.2"
  resolved "https://registry.yarnpkg.com/@esbuild/linux-mips64el/-/linux-mips64el-0.19.2.tgz#e0bff2898c46f52be7d4dbbcca8b887890805823"
  integrity sha512-KbXaC0Sejt7vD2fEgPoIKb6nxkfYW9OmFUK9XQE4//PvGIxNIfPk1NmlHmMg6f25x57rpmEFrn1OotASYIAaTg==

"@esbuild/linux-ppc64@0.19.2":
  version "0.19.2"
  resolved "https://registry.yarnpkg.com/@esbuild/linux-ppc64/-/linux-ppc64-0.19.2.tgz#d75798da391f54a9674f8c143b9a52d1dbfbfdde"
  integrity sha512-dJ0kE8KTqbiHtA3Fc/zn7lCd7pqVr4JcT0JqOnbj4LLzYnp+7h8Qi4yjfq42ZlHfhOCM42rBh0EwHYLL6LEzcw==

"@esbuild/linux-riscv64@0.19.2":
  version "0.19.2"
  resolved "https://registry.yarnpkg.com/@esbuild/linux-riscv64/-/linux-riscv64-0.19.2.tgz#012409bd489ed1bb9b775541d4a46c5ded8e6dd8"
  integrity sha512-7Z/jKNFufZ/bbu4INqqCN6DDlrmOTmdw6D0gH+6Y7auok2r02Ur661qPuXidPOJ+FSgbEeQnnAGgsVynfLuOEw==

"@esbuild/linux-s390x@0.19.2":
  version "0.19.2"
  resolved "https://registry.yarnpkg.com/@esbuild/linux-s390x/-/linux-s390x-0.19.2.tgz#ece3ed75c5a150de8a5c110f02e97d315761626b"
  integrity sha512-U+RinR6aXXABFCcAY4gSlv4CL1oOVvSSCdseQmGO66H+XyuQGZIUdhG56SZaDJQcLmrSfRmx5XZOWyCJPRqS7g==

"@esbuild/linux-x64@0.19.2":
  version "0.19.2"
  resolved "https://registry.yarnpkg.com/@esbuild/linux-x64/-/linux-x64-0.19.2.tgz#dea187019741602d57aaf189a80abba261fbd2aa"
  integrity sha512-oxzHTEv6VPm3XXNaHPyUTTte+3wGv7qVQtqaZCrgstI16gCuhNOtBXLEBkBREP57YTd68P0VgDgG73jSD8bwXQ==

"@esbuild/netbsd-x64@0.19.2":
  version "0.19.2"
  resolved "https://registry.yarnpkg.com/@esbuild/netbsd-x64/-/netbsd-x64-0.19.2.tgz#bbfd7cf9ab236a23ee3a41b26f0628c57623d92a"
  integrity sha512-WNa5zZk1XpTTwMDompZmvQLHszDDDN7lYjEHCUmAGB83Bgs20EMs7ICD+oKeT6xt4phV4NDdSi/8OfjPbSbZfQ==

"@esbuild/openbsd-x64@0.19.2":
  version "0.19.2"
  resolved "https://registry.yarnpkg.com/@esbuild/openbsd-x64/-/openbsd-x64-0.19.2.tgz#fa5c4c6ee52a360618f00053652e2902e1d7b4a7"
  integrity sha512-S6kI1aT3S++Dedb7vxIuUOb3oAxqxk2Rh5rOXOTYnzN8JzW1VzBd+IqPiSpgitu45042SYD3HCoEyhLKQcDFDw==

"@esbuild/sunos-x64@0.19.2":
  version "0.19.2"
  resolved "https://registry.yarnpkg.com/@esbuild/sunos-x64/-/sunos-x64-0.19.2.tgz#52a2ac8ac6284c02d25df22bb4cfde26fbddd68d"
  integrity sha512-VXSSMsmb+Z8LbsQGcBMiM+fYObDNRm8p7tkUDMPG/g4fhFX5DEFmjxIEa3N8Zr96SjsJ1woAhF0DUnS3MF3ARw==

"@esbuild/win32-arm64@0.19.2":
  version "0.19.2"
  resolved "https://registry.yarnpkg.com/@esbuild/win32-arm64/-/win32-arm64-0.19.2.tgz#719ed5870855de8537aef8149694a97d03486804"
  integrity sha512-5NayUlSAyb5PQYFAU9x3bHdsqB88RC3aM9lKDAz4X1mo/EchMIT1Q+pSeBXNgkfNmRecLXA0O8xP+x8V+g/LKg==

"@esbuild/win32-ia32@0.19.2":
  version "0.19.2"
  resolved "https://registry.yarnpkg.com/@esbuild/win32-ia32/-/win32-ia32-0.19.2.tgz#24832223880b0f581962c8660f8fb8797a1e046a"
  integrity sha512-47gL/ek1v36iN0wL9L4Q2MFdujR0poLZMJwhO2/N3gA89jgHp4MR8DKCmwYtGNksbfJb9JoTtbkoe6sDhg2QTA==

"@esbuild/win32-x64@0.19.2":
  version "0.19.2"
  resolved "https://registry.yarnpkg.com/@esbuild/win32-x64/-/win32-x64-0.19.2.tgz#1205014625790c7ff0e471644a878a65d1e34ab0"
  integrity sha512-tcuhV7ncXBqbt/Ybf0IyrMcwVOAPDckMK9rXNHtF17UTK18OKLpg08glminN06pt2WCoALhXdLfSPbVvK/6fxw==

"@lit-labs/ssr-dom-shim@^1.0.0", "@lit-labs/ssr-dom-shim@^1.1.0":
  version "1.1.1"
  resolved "https://registry.yarnpkg.com/@lit-labs/ssr-dom-shim/-/ssr-dom-shim-1.1.1.tgz#64df34e2f12e68e78ac57e571d25ec07fa460ca9"
  integrity sha512-kXOeFbfCm4fFf2A3WwVEeQj55tMZa8c8/f9AKHMobQMkzNUfUj+antR3fRPaZJawsa1aZiP/Da3ndpZrwEe4rQ==

"@lit/reactive-element@^1.3.0", "@lit/reactive-element@^1.6.0":
  version "1.6.3"
  resolved "https://registry.yarnpkg.com/@lit/reactive-element/-/reactive-element-1.6.3.tgz#25b4eece2592132845d303e091bad9b04cdcfe03"
  integrity sha512-QuTgnG52Poic7uM1AN5yJ09QMe0O28e10XzSvWDz02TJiiKee4stsiownEIadWm8nYzyDAyT+gKzUoZmiWQtsQ==
  dependencies:
    "@lit-labs/ssr-dom-shim" "^1.0.0"

"@types/debug@^4.0.0":
  version "4.1.8"
  resolved "https://registry.yarnpkg.com/@types/debug/-/debug-4.1.8.tgz#cef723a5d0a90990313faec2d1e22aee5eecb317"
  integrity sha512-/vPO1EPOs306Cvhwv7KfVfYvOJqA/S/AXjaHQiJboCZzcNDb+TIJFN9/2C9DZ//ijSKWioNyUxD792QmDJ+HKQ==
  dependencies:
    "@types/ms" "*"

"@types/json-schema@^7.0.11":
  version "7.0.12"
  resolved "https://registry.yarnpkg.com/@types/json-schema/-/json-schema-7.0.12.tgz#d70faba7039d5fca54c83c7dbab41051d2b6f6cb"
  integrity sha512-Hr5Jfhc9eYOQNPYO5WLDq/n4jqijdHNlDXjuAQkkt+mWdQR+XJToOHrsD4cPaMXpn6KO7y2+wM8AZEs8VpBLVA==

"@types/mdast@^3.0.0":
  version "3.0.12"
  resolved "https://registry.yarnpkg.com/@types/mdast/-/mdast-3.0.12.tgz#beeb511b977c875a5b0cc92eab6fcac2f0895514"
  integrity sha512-DT+iNIRNX884cx0/Q1ja7NyUPpZuv0KPyL5rGNxm1WC1OtHstl7n4Jb7nk+xacNShQMbczJjt8uFzznpp6kYBg==
  dependencies:
    "@types/unist" "^2"

"@types/ms@*":
  version "0.7.31"
  resolved "https://registry.yarnpkg.com/@types/ms/-/ms-0.7.31.tgz#31b7ca6407128a3d2bbc27fe2d21b345397f6197"
  integrity sha512-iiUgKzV9AuaEkZqkOLDIvlQiL6ltuZd9tGcW3gwpnX8JbuiuhFlEGmmFXEXkN50Cvq7Os88IY2v0dkDqXYWVgA==

"@types/trusted-types@^2.0.2":
  version "2.0.3"
  resolved "https://registry.yarnpkg.com/@types/trusted-types/-/trusted-types-2.0.3.tgz#a136f83b0758698df454e328759dbd3d44555311"
  integrity sha512-NfQ4gyz38SL8sDNrSixxU2Os1a5xcdFxipAFxYEuLUlvU2uDwS4NUpsImcf1//SlWItCVMMLiylsxbmNMToV/g==

"@types/unist@^2", "@types/unist@^2.0.0":
  version "2.0.7"
  resolved "https://registry.yarnpkg.com/@types/unist/-/unist-2.0.7.tgz#5b06ad6894b236a1d2bd6b2f07850ca5c59cf4d6"
  integrity sha512-cputDpIbFgLUaGQn6Vqg3/YsJwxUwHLO13v3i5ouxT4lat0khip9AEWxtERujXV9wxIB1EyF97BSJFt6vpdI8g==

ansi-regex@^5.0.1:
  version "5.0.1"
  resolved "https://registry.yarnpkg.com/ansi-regex/-/ansi-regex-5.0.1.tgz#082cb2c89c9fe8659a311a53bd6a4dc5301db304"
  integrity sha512-quJQXlTSUGL2LH9SUXo8VwsY4soanhgo6LNSm84E1LBcE8s3O0wpdiRzyR9z/ZZJMlMWv37qOOb9pdJlMUEKFQ==

ansi-styles@^4.1.0:
  version "4.3.0"
  resolved "https://registry.yarnpkg.com/ansi-styles/-/ansi-styles-4.3.0.tgz#edd803628ae71c04c85ae7a0906edad34b648937"
  integrity sha512-zbB9rCJAT1rbjiVDb2hqKFHNYLxgtk8NURxZ3IZwD3F6NtxbXZQCnnSi1Lkx+IDohdPlFp222wVALIheZJQSEg==
  dependencies:
    color-convert "^2.0.1"

async-await-queue@^1.2.1:
  version "1.2.1"
  resolved "https://registry.yarnpkg.com/async-await-queue/-/async-await-queue-1.2.1.tgz#baf459f5fbac902b060a88fee4da853fd86f2128"
  integrity sha512-v2j+/EMzAnuJZ8I4570KJMFhi6G9g3WZyFh6cPnmQSJh3nLao77XpRt01kyFegQazPSKvue1yaIYDp/NfV/b0g==

binary-searching@^2.0.5:
  version "2.0.5"
  resolved "https://registry.yarnpkg.com/binary-searching/-/binary-searching-2.0.5.tgz#ab6d08d51cd1b58878ae208ab61988f885b22dd3"
  integrity sha512-v4N2l3RxL+m4zDxyxz3Ne2aTmiPn8ZUpKFpdPtO+ItW1NcTCXA7JeHG5GMBSvoKSkQZ9ycS+EouDVxYB9ufKWA==

chalk@^4.0.0, chalk@^4.1.2:
  version "4.1.2"
  resolved "https://registry.yarnpkg.com/chalk/-/chalk-4.1.2.tgz#aac4e2b7734a740867aeb16bf02aad556a1e7a01"
  integrity sha512-oKnbhFyRIXpUuez8iBMmyEa4nbj4IOQyuhc/wy9kY7/WVPcwIO9VA668Pu8RkO7+0G76SLROeyw9CpQ061i4mA==
  dependencies:
    ansi-styles "^4.1.0"
    supports-color "^7.1.0"

character-entities@^2.0.0:
  version "2.0.2"
  resolved "https://registry.yarnpkg.com/character-entities/-/character-entities-2.0.2.tgz#2d09c2e72cd9523076ccb21157dff66ad43fcc22"
  integrity sha512-shx7oQ0Awen/BRIdkjkvz54PnEEI/EjwXDSIZp86/KKdbafHh1Df/RYGBhn4hbe2+uKC9FnT5UCEdyPz3ai9hQ==

clify.js@ncpa0cpl/clify.js:
  version "1.0.3"
  resolved "https://codeload.github.com/ncpa0cpl/clify.js/tar.gz/82a13db0a86157bfe426c6f19d09e1d7373033b2"
  dependencies:
    chalk "^4.1.2"

color-convert@^2.0.1:
  version "2.0.1"
  resolved "https://registry.yarnpkg.com/color-convert/-/color-convert-2.0.1.tgz#72d3a68d598c9bdb3af2ad1e84f21d896abd4de3"
  integrity sha512-RRECPsj7iu/xb5oKYcsFHSppFNnsj/52OVTRKb4zP5onXwVF3zVmmToNcOfGC+CRDpfK/U584fMg38ZHCaElKQ==
  dependencies:
    color-name "~1.1.4"

color-name@~1.1.4:
  version "1.1.4"
  resolved "https://registry.yarnpkg.com/color-name/-/color-name-1.1.4.tgz#c2a09a87acbde69543de6f63fa3995c826c536a2"
  integrity sha512-dOy+3AuW3a2wNbZHIuMZpTcgjGuLU/uBL/ubcZF9OXbDo8ff4O8yVp5Bf0efS8uEoYo5q4Fx7dY9OgQGXgAsQA==

comment-parser@^1.3.1:
  version "1.4.0"
  resolved "https://registry.yarnpkg.com/comment-parser/-/comment-parser-1.4.0.tgz#0f8c560f59698193854f12884c20c0e39a26d32c"
  integrity sha512-QLyTNiZ2KDOibvFPlZ6ZngVsZ/0gYnE6uTXi5aoDg8ed3AkJAz4sEje3Y8a29hQ1s6A99MZXe47fLAXQ1rTqaw==

debug@^4.0.0:
  version "4.3.4"
  resolved "https://registry.yarnpkg.com/debug/-/debug-4.3.4.tgz#1319f6579357f2338d3337d2cdd4914bb5dcc865"
  integrity sha512-PRWFHuSU3eDtQJPvnNY7Jcket1j0t5OuOsFzPPzsekD52Zl8qUfFIPEiswXqIvHWGVHOgX+7G/vCNNhehwxfkQ==
  dependencies:
    ms "2.1.2"

decode-named-character-reference@^1.0.0:
  version "1.0.2"
  resolved "https://registry.yarnpkg.com/decode-named-character-reference/-/decode-named-character-reference-1.0.2.tgz#daabac9690874c394c81e4162a0304b35d824f0e"
  integrity sha512-O8x12RzrUF8xyVcY0KJowWsmaJxQbmy0/EtnNtHRpsOcT7dFk5W598coHqBVpmWo1oQQfsCqfCmkZN5DJrZVdg==
  dependencies:
    character-entities "^2.0.0"

dequal@^2.0.0:
  version "2.0.3"
  resolved "https://registry.yarnpkg.com/dequal/-/dequal-2.0.3.tgz#2644214f1997d39ed0ee0ece72335490a7ac67be"
  integrity sha512-0je+qPKHEMohvfRTCEo3CrPG6cAzAYgmzKyxRiYSSDkS6eGJdyVJm7WaYA5ECaAD9wLB2T4EEeymA5aFVcYXCA==

diff@^5.0.0:
  version "5.1.0"
  resolved "https://registry.yarnpkg.com/diff/-/diff-5.1.0.tgz#bc52d298c5ea8df9194800224445ed43ffc87e40"
  integrity sha512-D+mk+qE8VC/PAUrlAU34N+VfXev0ghe5ywmpqrawphmVZc1bEfn56uo9qpyGp1p4xpzOHkSW4ztBd6L7Xx4ACw==

dilswer@^1.2.0:
  version "1.5.0"
  resolved "https://registry.yarnpkg.com/dilswer/-/dilswer-1.5.0.tgz#b95922da65ffef276624ad29f980b8920a78b5ce"
  integrity sha512-J53vAsWMg1Yh469v+pSIMYEyaAefzFTcqoos8MIA59l0qD9US0Qfw7egpt4NkScNJuD8vLogToluh942aRhHNg==
  dependencies:
    "@types/json-schema" "^7.0.11"

esbuild@^0.19.2:
  version "0.19.2"
  resolved "https://registry.yarnpkg.com/esbuild/-/esbuild-0.19.2.tgz#b1541828a89dfb6f840d38538767c6130dca2aac"
  integrity sha512-G6hPax8UbFakEj3hWO0Vs52LQ8k3lnBhxZWomUJDxfz3rZTLqF5k/FCzuNdLx2RbpBiQQF9H9onlDDH1lZsnjg==
  optionalDependencies:
    "@esbuild/android-arm" "0.19.2"
    "@esbuild/android-arm64" "0.19.2"
    "@esbuild/android-x64" "0.19.2"
    "@esbuild/darwin-arm64" "0.19.2"
    "@esbuild/darwin-x64" "0.19.2"
    "@esbuild/freebsd-arm64" "0.19.2"
    "@esbuild/freebsd-x64" "0.19.2"
    "@esbuild/linux-arm" "0.19.2"
    "@esbuild/linux-arm64" "0.19.2"
    "@esbuild/linux-ia32" "0.19.2"
    "@esbuild/linux-loong64" "0.19.2"
    "@esbuild/linux-mips64el" "0.19.2"
    "@esbuild/linux-ppc64" "0.19.2"
    "@esbuild/linux-riscv64" "0.19.2"
    "@esbuild/linux-s390x" "0.19.2"
    "@esbuild/linux-x64" "0.19.2"
    "@esbuild/netbsd-x64" "0.19.2"
    "@esbuild/openbsd-x64" "0.19.2"
    "@esbuild/sunos-x64" "0.19.2"
    "@esbuild/win32-arm64" "0.19.2"
    "@esbuild/win32-ia32" "0.19.2"
    "@esbuild/win32-x64" "0.19.2"

git-hook-tasks@ncpa0cpl/git-hook-tasks:
  version "1.0.0"
  resolved "https://codeload.github.com/ncpa0cpl/git-hook-tasks/tar.gz/475046a2550d299c6e807dad502a83dbbc25a0d6"
  dependencies:
    async-await-queue "^1.2.1"
    chalk "^4.0.0"
    clify.js ncpa0cpl/clify.js
    dilswer "^1.2.0"
    node-os-walk "^1.0.0"
    strip-ansi "^6.0.1"

has-flag@^4.0.0:
  version "4.0.0"
  resolved "https://registry.yarnpkg.com/has-flag/-/has-flag-4.0.0.tgz#944771fd9c81c81265c4d6941860da06bb59479b"
  integrity sha512-EykJT/Q1KjTWctppgIAgfSO0tKVuZUjhgMr17kqTumMl6Afv3EISleU7qZUzoXDFTAHTDC4NOoG/ZxU3EvlMPQ==

husky@^8.0.3:
  version "8.0.3"
  resolved "https://registry.yarnpkg.com/husky/-/husky-8.0.3.tgz#4936d7212e46d1dea28fef29bb3a108872cd9184"
  integrity sha512-+dQSyqPh4x1hlO1swXBiNb2HzTDN1I2IGLQx1GrBuiqFJfoMrnZWwVmatvSiO+Iz8fBUnf+lekwNo4c2LlXItg==

jsxte@3.0.1:
  version "3.0.1"
  resolved "https://registry.yarnpkg.com/jsxte/-/jsxte-3.0.1.tgz#80664849e20118bed216d7d5dd4429049a9f607a"
  integrity sha512-rPbN+6squTd6alVkGFFZXmX3UfCtTxgbnTD/AlpNTgqjyO8L9BOpm2eQLAynLhfQZkgWdFZoHd1OhLCM8mpYeg==

kleur@^4.0.3:
  version "4.1.5"
  resolved "https://registry.yarnpkg.com/kleur/-/kleur-4.1.5.tgz#95106101795f7050c6c650f350c683febddb1780"
  integrity sha512-o+NO+8WrRiQEE4/7nwRJhN1HWpVmJm511pBHUxPLtp0BUISzlBplORYSmTclCnJvQq2tKu/sgl3xVpkc7ZWuQQ==

lit-element@^3.3.0:
  version "3.3.3"
  resolved "https://registry.yarnpkg.com/lit-element/-/lit-element-3.3.3.tgz#10bc19702b96ef5416cf7a70177255bfb17b3209"
  integrity sha512-XbeRxmTHubXENkV4h8RIPyr8lXc+Ff28rkcQzw3G6up2xg5E8Zu1IgOWIwBLEQsu3cOVFqdYwiVi0hv0SlpqUA==
  dependencies:
    "@lit-labs/ssr-dom-shim" "^1.1.0"
    "@lit/reactive-element" "^1.3.0"
    lit-html "^2.8.0"

lit-html@^2.8.0:
  version "2.8.0"
  resolved "https://registry.yarnpkg.com/lit-html/-/lit-html-2.8.0.tgz#96456a4bb4ee717b9a7d2f94562a16509d39bffa"
  integrity sha512-o9t+MQM3P4y7M7yNzqAyjp7z+mQGa4NS4CxiyLqFPyFWyc4O+nodLrkrxSaCTrla6M5YOLaT3RpbbqjszB5g3Q==
  dependencies:
    "@types/trusted-types" "^2.0.2"

lit@^2.8.0:
  version "2.8.0"
  resolved "https://registry.yarnpkg.com/lit/-/lit-2.8.0.tgz#4d838ae03059bf9cafa06e5c61d8acc0081e974e"
  integrity sha512-4Sc3OFX9QHOJaHbmTMk28SYgVxLN3ePDjg7hofEft2zWlehFL3LiAuapWc4U/kYwMYJSh2hTCPZ6/LIC7ii0MA==
  dependencies:
    "@lit/reactive-element" "^1.6.0"
    lit-element "^3.3.0"
    lit-html "^2.8.0"

mdast-util-from-markdown@^1.2.0:
  version "1.3.1"
  resolved "https://registry.yarnpkg.com/mdast-util-from-markdown/-/mdast-util-from-markdown-1.3.1.tgz#9421a5a247f10d31d2faed2a30df5ec89ceafcf0"
  integrity sha512-4xTO/M8c82qBcnQc1tgpNtubGUW/Y1tBQ1B0i5CtSoelOLKFYlElIr3bvgREYYO5iRqbMY1YuqZng0GVOI8Qww==
  dependencies:
    "@types/mdast" "^3.0.0"
    "@types/unist" "^2.0.0"
    decode-named-character-reference "^1.0.0"
    mdast-util-to-string "^3.1.0"
    micromark "^3.0.0"
    micromark-util-decode-numeric-character-reference "^1.0.0"
    micromark-util-decode-string "^1.0.0"
    micromark-util-normalize-identifier "^1.0.0"
    micromark-util-symbol "^1.0.0"
    micromark-util-types "^1.0.0"
    unist-util-stringify-position "^3.0.0"
    uvu "^0.5.0"

mdast-util-to-string@^3.1.0:
  version "3.2.0"
  resolved "https://registry.yarnpkg.com/mdast-util-to-string/-/mdast-util-to-string-3.2.0.tgz#66f7bb6324756741c5f47a53557f0cbf16b6f789"
  integrity sha512-V4Zn/ncyN1QNSqSBxTrMOLpjr+IKdHl2v3KVLoWmDPscP4r9GcCi71gjgvUV1SFSKh92AjAG4peFuBl2/YgCJg==
  dependencies:
    "@types/mdast" "^3.0.0"

micromark-core-commonmark@^1.0.1:
  version "1.1.0"
  resolved "https://registry.yarnpkg.com/micromark-core-commonmark/-/micromark-core-commonmark-1.1.0.tgz#1386628df59946b2d39fb2edfd10f3e8e0a75bb8"
  integrity sha512-BgHO1aRbolh2hcrzL2d1La37V0Aoz73ymF8rAcKnohLy93titmv62E0gP8Hrx9PKcKrqCZ1BbLGbP3bEhoXYlw==
  dependencies:
    decode-named-character-reference "^1.0.0"
    micromark-factory-destination "^1.0.0"
    micromark-factory-label "^1.0.0"
    micromark-factory-space "^1.0.0"
    micromark-factory-title "^1.0.0"
    micromark-factory-whitespace "^1.0.0"
    micromark-util-character "^1.0.0"
    micromark-util-chunked "^1.0.0"
    micromark-util-classify-character "^1.0.0"
    micromark-util-html-tag-name "^1.0.0"
    micromark-util-normalize-identifier "^1.0.0"
    micromark-util-resolve-all "^1.0.0"
    micromark-util-subtokenize "^1.0.0"
    micromark-util-symbol "^1.0.0"
    micromark-util-types "^1.0.1"
    uvu "^0.5.0"

micromark-factory-destination@^1.0.0:
  version "1.1.0"
  resolved "https://registry.yarnpkg.com/micromark-factory-destination/-/micromark-factory-destination-1.1.0.tgz#eb815957d83e6d44479b3df640f010edad667b9f"
  integrity sha512-XaNDROBgx9SgSChd69pjiGKbV+nfHGDPVYFs5dOoDd7ZnMAE+Cuu91BCpsY8RT2NP9vo/B8pds2VQNCLiu0zhg==
  dependencies:
    micromark-util-character "^1.0.0"
    micromark-util-symbol "^1.0.0"
    micromark-util-types "^1.0.0"

micromark-factory-label@^1.0.0:
  version "1.1.0"
  resolved "https://registry.yarnpkg.com/micromark-factory-label/-/micromark-factory-label-1.1.0.tgz#cc95d5478269085cfa2a7282b3de26eb2e2dec68"
  integrity sha512-OLtyez4vZo/1NjxGhcpDSbHQ+m0IIGnT8BoPamh+7jVlzLJBH98zzuCoUeMxvM6WsNeh8wx8cKvqLiPHEACn0w==
  dependencies:
    micromark-util-character "^1.0.0"
    micromark-util-symbol "^1.0.0"
    micromark-util-types "^1.0.0"
    uvu "^0.5.0"

micromark-factory-space@^1.0.0:
  version "1.1.0"
  resolved "https://registry.yarnpkg.com/micromark-factory-space/-/micromark-factory-space-1.1.0.tgz#c8f40b0640a0150751d3345ed885a080b0d15faf"
  integrity sha512-cRzEj7c0OL4Mw2v6nwzttyOZe8XY/Z8G0rzmWQZTBi/jjwyw/U4uqKtUORXQrR5bAZZnbTI/feRV/R7hc4jQYQ==
  dependencies:
    micromark-util-character "^1.0.0"
    micromark-util-types "^1.0.0"

micromark-factory-title@^1.0.0:
  version "1.1.0"
  resolved "https://registry.yarnpkg.com/micromark-factory-title/-/micromark-factory-title-1.1.0.tgz#dd0fe951d7a0ac71bdc5ee13e5d1465ad7f50ea1"
  integrity sha512-J7n9R3vMmgjDOCY8NPw55jiyaQnH5kBdV2/UXCtZIpnHH3P6nHUKaH7XXEYuWwx/xUJcawa8plLBEjMPU24HzQ==
  dependencies:
    micromark-factory-space "^1.0.0"
    micromark-util-character "^1.0.0"
    micromark-util-symbol "^1.0.0"
    micromark-util-types "^1.0.0"

micromark-factory-whitespace@^1.0.0:
  version "1.1.0"
  resolved "https://registry.yarnpkg.com/micromark-factory-whitespace/-/micromark-factory-whitespace-1.1.0.tgz#798fb7489f4c8abafa7ca77eed6b5745853c9705"
  integrity sha512-v2WlmiymVSp5oMg+1Q0N1Lxmt6pMhIHD457whWM7/GUlEks1hI9xj5w3zbc4uuMKXGisksZk8DzP2UyGbGqNsQ==
  dependencies:
    micromark-factory-space "^1.0.0"
    micromark-util-character "^1.0.0"
    micromark-util-symbol "^1.0.0"
    micromark-util-types "^1.0.0"

micromark-util-character@^1.0.0:
  version "1.2.0"
  resolved "https://registry.yarnpkg.com/micromark-util-character/-/micromark-util-character-1.2.0.tgz#4fedaa3646db249bc58caeb000eb3549a8ca5dcc"
  integrity sha512-lXraTwcX3yH/vMDaFWCQJP1uIszLVebzUa3ZHdrgxr7KEU/9mL4mVgCpGbyhvNLNlauROiNUq7WN5u7ndbY6xg==
  dependencies:
    micromark-util-symbol "^1.0.0"
    micromark-util-types "^1.0.0"

micromark-util-chunked@^1.0.0:
  version "1.1.0"
  resolved "https://registry.yarnpkg.com/micromark-util-chunked/-/micromark-util-chunked-1.1.0.tgz#37a24d33333c8c69a74ba12a14651fd9ea8a368b"
  integrity sha512-Ye01HXpkZPNcV6FiyoW2fGZDUw4Yc7vT0E9Sad83+bEDiCJ1uXu0S3mr8WLpsz3HaG3x2q0HM6CTuPdcZcluFQ==
  dependencies:
    micromark-util-symbol "^1.0.0"

micromark-util-classify-character@^1.0.0:
  version "1.1.0"
  resolved "https://registry.yarnpkg.com/micromark-util-classify-character/-/micromark-util-classify-character-1.1.0.tgz#6a7f8c8838e8a120c8e3c4f2ae97a2bff9190e9d"
  integrity sha512-SL0wLxtKSnklKSUplok1WQFoGhUdWYKggKUiqhX+Swala+BtptGCu5iPRc+xvzJ4PXE/hwM3FNXsfEVgoZsWbw==
  dependencies:
    micromark-util-character "^1.0.0"
    micromark-util-symbol "^1.0.0"
    micromark-util-types "^1.0.0"

micromark-util-combine-extensions@^1.0.0:
  version "1.1.0"
  resolved "https://registry.yarnpkg.com/micromark-util-combine-extensions/-/micromark-util-combine-extensions-1.1.0.tgz#192e2b3d6567660a85f735e54d8ea6e3952dbe84"
  integrity sha512-Q20sp4mfNf9yEqDL50WwuWZHUrCO4fEyeDCnMGmG5Pr0Cz15Uo7KBs6jq+dq0EgX4DPwwrh9m0X+zPV1ypFvUA==
  dependencies:
    micromark-util-chunked "^1.0.0"
    micromark-util-types "^1.0.0"

micromark-util-decode-numeric-character-reference@^1.0.0:
  version "1.1.0"
  resolved "https://registry.yarnpkg.com/micromark-util-decode-numeric-character-reference/-/micromark-util-decode-numeric-character-reference-1.1.0.tgz#b1e6e17009b1f20bc652a521309c5f22c85eb1c6"
  integrity sha512-m9V0ExGv0jB1OT21mrWcuf4QhP46pH1KkfWy9ZEezqHKAxkj4mPCy3nIH1rkbdMlChLHX531eOrymlwyZIf2iw==
  dependencies:
    micromark-util-symbol "^1.0.0"

micromark-util-decode-string@^1.0.0:
  version "1.1.0"
  resolved "https://registry.yarnpkg.com/micromark-util-decode-string/-/micromark-util-decode-string-1.1.0.tgz#dc12b078cba7a3ff690d0203f95b5d5537f2809c"
  integrity sha512-YphLGCK8gM1tG1bd54azwyrQRjCFcmgj2S2GoJDNnh4vYtnL38JS8M4gpxzOPNyHdNEpheyWXCTnnTDY3N+NVQ==
  dependencies:
    decode-named-character-reference "^1.0.0"
    micromark-util-character "^1.0.0"
    micromark-util-decode-numeric-character-reference "^1.0.0"
    micromark-util-symbol "^1.0.0"

micromark-util-encode@^1.0.0:
  version "1.1.0"
  resolved "https://registry.yarnpkg.com/micromark-util-encode/-/micromark-util-encode-1.1.0.tgz#92e4f565fd4ccb19e0dcae1afab9a173bbeb19a5"
  integrity sha512-EuEzTWSTAj9PA5GOAs992GzNh2dGQO52UvAbtSOMvXTxv3Criqb6IOzJUBCmEqrrXSblJIJBbFFv6zPxpreiJw==

micromark-util-html-tag-name@^1.0.0:
  version "1.2.0"
  resolved "https://registry.yarnpkg.com/micromark-util-html-tag-name/-/micromark-util-html-tag-name-1.2.0.tgz#48fd7a25826f29d2f71479d3b4e83e94829b3588"
  integrity sha512-VTQzcuQgFUD7yYztuQFKXT49KghjtETQ+Wv/zUjGSGBioZnkA4P1XXZPT1FHeJA6RwRXSF47yvJ1tsJdoxwO+Q==

micromark-util-normalize-identifier@^1.0.0:
  version "1.1.0"
  resolved "https://registry.yarnpkg.com/micromark-util-normalize-identifier/-/micromark-util-normalize-identifier-1.1.0.tgz#7a73f824eb9f10d442b4d7f120fecb9b38ebf8b7"
  integrity sha512-N+w5vhqrBihhjdpM8+5Xsxy71QWqGn7HYNUvch71iV2PM7+E3uWGox1Qp90loa1ephtCxG2ftRV/Conitc6P2Q==
  dependencies:
    micromark-util-symbol "^1.0.0"

micromark-util-resolve-all@^1.0.0:
  version "1.1.0"
  resolved "https://registry.yarnpkg.com/micromark-util-resolve-all/-/micromark-util-resolve-all-1.1.0.tgz#4652a591ee8c8fa06714c9b54cd6c8e693671188"
  integrity sha512-b/G6BTMSg+bX+xVCshPTPyAu2tmA0E4X98NSR7eIbeC6ycCqCeE7wjfDIgzEbkzdEVJXRtOG4FbEm/uGbCRouA==
  dependencies:
    micromark-util-types "^1.0.0"

micromark-util-sanitize-uri@^1.0.0:
  version "1.2.0"
  resolved "https://registry.yarnpkg.com/micromark-util-sanitize-uri/-/micromark-util-sanitize-uri-1.2.0.tgz#613f738e4400c6eedbc53590c67b197e30d7f90d"
  integrity sha512-QO4GXv0XZfWey4pYFndLUKEAktKkG5kZTdUNaTAkzbuJxn2tNBOr+QtxR2XpWaMhbImT2dPzyLrPXLlPhph34A==
  dependencies:
    micromark-util-character "^1.0.0"
    micromark-util-encode "^1.0.0"
    micromark-util-symbol "^1.0.0"

micromark-util-subtokenize@^1.0.0:
  version "1.1.0"
  resolved "https://registry.yarnpkg.com/micromark-util-subtokenize/-/micromark-util-subtokenize-1.1.0.tgz#941c74f93a93eaf687b9054aeb94642b0e92edb1"
  integrity sha512-kUQHyzRoxvZO2PuLzMt2P/dwVsTiivCK8icYTeR+3WgbuPqfHgPPy7nFKbeqRivBvn/3N3GBiNC+JRTMSxEC7A==
  dependencies:
    micromark-util-chunked "^1.0.0"
    micromark-util-symbol "^1.0.0"
    micromark-util-types "^1.0.0"
    uvu "^0.5.0"

micromark-util-symbol@^1.0.0:
  version "1.1.0"
  resolved "https://registry.yarnpkg.com/micromark-util-symbol/-/micromark-util-symbol-1.1.0.tgz#813cd17837bdb912d069a12ebe3a44b6f7063142"
  integrity sha512-uEjpEYY6KMs1g7QfJ2eX1SQEV+ZT4rUD3UcF6l57acZvLNK7PBZL+ty82Z1qhK1/yXIY4bdx04FKMgR0g4IAag==

micromark-util-types@^1.0.0, micromark-util-types@^1.0.1:
  version "1.1.0"
  resolved "https://registry.yarnpkg.com/micromark-util-types/-/micromark-util-types-1.1.0.tgz#e6676a8cae0bb86a2171c498167971886cb7e283"
  integrity sha512-ukRBgie8TIAcacscVHSiddHjO4k/q3pnedmzMQ4iwDcK0FtFCohKOlFbaOL/mPgfnPsL3C1ZyxJa4sbWrBl3jg==

micromark@^3.0.0:
  version "3.2.0"
  resolved "https://registry.yarnpkg.com/micromark/-/micromark-3.2.0.tgz#1af9fef3f995ea1ea4ac9c7e2f19c48fd5c006e9"
  integrity sha512-uD66tJj54JLYq0De10AhWycZWGQNUvDI55xPgk2sQM5kn1JYlhbCMTtEeT27+vAhW2FBQxLlOmS3pmA7/2z4aA==
  dependencies:
    "@types/debug" "^4.0.0"
    debug "^4.0.0"
    decode-named-character-reference "^1.0.0"
    micromark-core-commonmark "^1.0.1"
    micromark-factory-space "^1.0.0"
    micromark-util-character "^1.0.0"
    micromark-util-chunked "^1.0.0"
    micromark-util-combine-extensions "^1.0.0"
    micromark-util-decode-numeric-character-reference "^1.0.0"
    micromark-util-encode "^1.0.0"
    micromark-util-normalize-identifier "^1.0.0"
    micromark-util-resolve-all "^1.0.0"
    micromark-util-sanitize-uri "^1.0.0"
    micromark-util-subtokenize "^1.0.0"
    micromark-util-symbol "^1.0.0"
    micromark-util-types "^1.0.1"
    uvu "^0.5.0"

mri@^1.1.0:
  version "1.2.0"
  resolved "https://registry.yarnpkg.com/mri/-/mri-1.2.0.tgz#6721480fec2a11a4889861115a48b6cbe7cc8f0b"
  integrity sha512-tzzskb3bG8LvYGFF/mDTpq3jpI6Q9wc3LEmBaghu+DdCssd1FakN7Bc0hVNmEyGq1bq3RgfkCb3cmQLpNPOroA==

ms@2.1.2:
  version "2.1.2"
  resolved "https://registry.yarnpkg.com/ms/-/ms-2.1.2.tgz#d09d1f357b443f493382a8eb3ccd183872ae6009"
  integrity sha512-sGkPx+VjMtmA6MX27oA4FBFELFCZZ4S4XqeGOXCv68tT+jb3vk/RyaKWP0PTKyWtmLSM0b+adUTEvbs1PEaH2w==

node-os-walk@^1.0.0:
  version "1.0.2"
  resolved "https://registry.yarnpkg.com/node-os-walk/-/node-os-walk-1.0.2.tgz#82011408577437856451398f14cfe7fd0982902f"
  integrity sha512-aJOH1sKNP2vdYZwLyaSqPouM5Bg5YnNd0t/8cdLz2mjxDGxZyqFpa7vTsbhfjUdJM3ZBwiLPwu84kl2tET8T+Q==

prettier-plugin-jsdoc@^1.0.1:
  version "1.0.1"
  resolved "https://registry.yarnpkg.com/prettier-plugin-jsdoc/-/prettier-plugin-jsdoc-1.0.1.tgz#7fb6741969cb503e8f40e96cdc4f5dd9b7ebd2a9"
  integrity sha512-07q74MfX9m+xHK2+Lr4c+igiEzAKVDWhqkvlm65WoYJUlRiaV6STXcEtcZMhrPPYgNeQRgb9FJmgE/n+OI4MpQ==
  dependencies:
    binary-searching "^2.0.5"
    comment-parser "^1.3.1"
    mdast-util-from-markdown "^1.2.0"

prettier@^3.0.2:
  version "3.0.2"
  resolved "https://registry.yarnpkg.com/prettier/-/prettier-3.0.2.tgz#78fcecd6d870551aa5547437cdae39d4701dca5b"
  integrity sha512-o2YR9qtniXvwEZlOKbveKfDQVyqxbEIWn48Z8m3ZJjBjcCmUy3xZGIv+7AkaeuaTr6yPXJjwv07ZWlsWbEy1rQ==

sade@^1.7.3:
  version "1.8.1"
  resolved "https://registry.yarnpkg.com/sade/-/sade-1.8.1.tgz#0a78e81d658d394887be57d2a409bf703a3b2701"
  integrity sha512-xal3CZX1Xlo/k4ApwCFrHVACi9fBqJ7V+mwhBsuf/1IOKbBy098Fex+Wa/5QMubw09pSZ/u8EY8PWgevJsXp1A==
  dependencies:
    mri "^1.1.0"

strip-ansi@^6.0.1:
  version "6.0.1"
  resolved "https://registry.yarnpkg.com/strip-ansi/-/strip-ansi-6.0.1.tgz#9e26c63d30f53443e9489495b2105d37b67a85d9"
  integrity sha512-Y38VPSHcqkFrCpFnQ9vuSXmquuv5oXOKpGeT6aGrr3o3Gc9AlVa6JBfUSOCnbxGGZF+/0ooI7KrPuUSztUdU5A==
  dependencies:
    ansi-regex "^5.0.1"

supports-color@^7.1.0:
  version "7.2.0"
  resolved "https://registry.yarnpkg.com/supports-color/-/supports-color-7.2.0.tgz#1b7dcdcb32b8138801b3e478ba6a51caa89648da"
  integrity sha512-qpCAvRl9stuOHveKsn7HncJRvv501qIacKzQlO/+Lwxc9+0q2wLyv4Dfvt80/DPn2pqOBsJdDiogXGR9+OvwRw==
  dependencies:
    has-flag "^4.0.0"

typescript@^5.1.6:
  version "5.1.6"
  resolved "https://registry.yarnpkg.com/typescript/-/typescript-5.1.6.tgz#02f8ac202b6dad2c0dd5e0913745b47a37998274"
  integrity sha512-zaWCozRZ6DLEWAWFrVDz1H6FVXzUSfTy5FUMWsQlU8Ym5JP9eO4xkTIROFCQvhQf61z6O/G6ugw3SgAnvvm+HA==

unist-util-stringify-position@^3.0.0:
  version "3.0.3"
  resolved "https://registry.yarnpkg.com/unist-util-stringify-position/-/unist-util-stringify-position-3.0.3.tgz#03ad3348210c2d930772d64b489580c13a7db39d"
  integrity sha512-k5GzIBZ/QatR8N5X2y+drfpWG8IDBzdnVj6OInRNWm1oXrzydiaAT2OQiA8DPRRZyAKb9b6I2a6PxYklZD0gKg==
  dependencies:
    "@types/unist" "^2.0.0"

uvu@^0.5.0:
  version "0.5.6"
  resolved "https://registry.yarnpkg.com/uvu/-/uvu-0.5.6.tgz#2754ca20bcb0bb59b64e9985e84d2e81058502df"
  integrity sha512-+g8ENReyr8YsOc6fv/NVJs2vFdHBnBNdfE49rshrTzDWOlUx4Gq7KOS2GD8eqhy2j+Ejq29+SbKH8yjkAqXqoA==
  dependencies:
    dequal "^2.0.0"
    diff "^5.0.0"
    kleur "^4.0.3"
    sade "^1.7.3"
